// !$*UTF8*$!
{
	archiveVersion = 1;
	classes = {
	};
	objectVersion = 46;
	objects = {

/* Begin PBXBuildFile section */
		372433A61A4D64F00013004F /* main.c in Sources */ = {isa = PBXBuildFile; fileRef = 372433A51A4D64F00013004F /* main.c */; };
		372433B41A4D652F0013004F /* stack.c in Sources */ = {isa = PBXBuildFile; fileRef = 372433AD1A4D652F0013004F /* stack.c */; };
		372433B51A4D652F0013004F /* array.c in Sources */ = {isa = PBXBuildFile; fileRef = 372433AE1A4D652F0013004F /* array.c */; };
		372433B61A4D652F0013004F /* removelastCR.c in Sources */ = {isa = PBXBuildFile; fileRef = 372433B01A4D652F0013004F /* removelastCR.c */; };
		372433B71A4D652F0013004F /* countwords.c in Sources */ = {isa = PBXBuildFile; fileRef = 372433B21A4D652F0013004F /* countwords.c */; };
		372433BA1A4DA12F0013004F /* filterWords.c in Sources */ = {isa = PBXBuildFile; fileRef = 372433B81A4DA12F0013004F /* filterWords.c */; };
/* End PBXBuildFile section */

/* Begin PBXCopyFilesBuildPhase section */
		372433A01A4D64F00013004F /* CopyFiles */ = {
			isa = PBXCopyFilesBuildPhase;
			buildActionMask = 2147483647;
			dstPath = /usr/share/man/man1/;
			dstSubfolderSpec = 0;
			files = (
			);
			runOnlyForDeploymentPostprocessing = 1;
		};
/* End PBXCopyFilesBuildPhase section */

/* Begin PBXFileReference section */
		372433A21A4D64F00013004F /* Lab1 */ = {isa = PBXFileReference; explicitFileType = "compiled.mach-o.executable"; includeInIndex = 0; path = Lab1; sourceTree = BUILT_PRODUCTS_DIR; };
		372433A51A4D64F00013004F /* main.c */ = {isa = PBXFileReference; lastKnownFileType = sourcecode.c.c; path = main.c; sourceTree = "<group>"; };
		372433AC1A4D652F0013004F /* stack.h */ = {isa = PBXFileReference; fileEncoding = 4; lastKnownFileType = sourcecode.c.h; path = stack.h; sourceTree = "<group>"; };
		372433AD1A4D652F0013004F /* stack.c */ = {isa = PBXFileReference; fileEncoding = 4; lastKnownFileType = sourcecode.c.c; path = stack.c; sourceTree = "<group>"; };
		372433AE1A4D652F0013004F /* array.c */ = {isa = PBXFileReference; fileEncoding = 4; lastKnownFileType = sourcecode.c.c; path = array.c; sourceTree = "<group>"; };
		372433AF1A4D652F0013004F /* array.h */ = {isa = PBXFileReference; fileEncoding = 4; lastKnownFileType = sourcecode.c.h; path = array.h; sourceTree = "<group>"; };
		372433B01A4D652F0013004F /* removelastCR.c */ = {isa = PBXFileReference; fileEncoding = 4; lastKnownFileType = sourcecode.c.c; path = removelastCR.c; sourceTree = "<group>"; };
		372433B11A4D652F0013004F /* removelastCR.h */ = {isa = PBXFileReference; fileEncoding = 4; lastKnownFileType = sourcecode.c.h; path = removelastCR.h; sourceTree = "<group>"; };
		372433B21A4D652F0013004F /* countwords.c */ = {isa = PBXFileReference; fileEncoding = 4; lastKnownFileType = sourcecode.c.c; path = countwords.c; sourceTree = "<group>"; };
		372433B31A4D652F0013004F /* countwords.h */ = {isa = PBXFileReference; fileEncoding = 4; lastKnownFileType = sourcecode.c.h; path = countwords.h; sourceTree = "<group>"; };
		372433B81A4DA12F0013004F /* filterWords.c */ = {isa = PBXFileReference; fileEncoding = 4; lastKnownFileType = sourcecode.c.c; path = filterWords.c; sourceTree = "<group>"; };
		372433B91A4DA12F0013004F /* filterWords.h */ = {isa = PBXFileReference; fileEncoding = 4; lastKnownFileType = sourcecode.c.h; path = filterWords.h; sourceTree = "<group>"; };
/* End PBXFileReference section */

/* Begin PBXFrameworksBuildPhase section */
		3724339F1A4D64F00013004F /* Frameworks */ = {
			isa = PBXFrameworksBuildPhase;
			buildActionMask = 2147483647;
			files = (
			);
			runOnlyForDeploymentPostprocessing = 0;
		};
/* End PBXFrameworksBuildPhase section */

/* Begin PBXGroup section */
		372433991A4D64F00013004F = {
			isa = PBXGroup;
			children = (
				372433A41A4D64F00013004F /* Lab1 */,
				372433A31A4D64F00013004F /* Products */,
			);
			sourceTree = "<group>";
		};
		372433A31A4D64F00013004F /* Products */ = {
			isa = PBXGroup;
			children = (
				372433A21A4D64F00013004F /* Lab1 */,
			);
			name = Products;
			sourceTree = "<group>";
		};
		372433A41A4D64F00013004F /* Lab1 */ = {
			isa = PBXGroup;
			children = (
				372433A51A4D64F00013004F /* main.c */,
				372433B21A4D652F0013004F /* countwords.c */,
				372433B31A4D652F0013004F /* countwords.h */,
				372433B01A4D652F0013004F /* removelastCR.c */,
				372433B11A4D652F0013004F /* removelastCR.h */,
				372433AE1A4D652F0013004F /* array.c */,
				372433AF1A4D652F0013004F /* array.h */,
				372433AD1A4D652F0013004F /* stack.c */,
				372433AC1A4D652F0013004F /* stack.h */,
				372433B81A4DA12F0013004F /* filterWords.c */,
				372433B91A4DA12F0013004F /* filterWords.h */,
			);
			path = Lab1;
			sourceTree = "<group>";
		};
/* End PBXGroup section */

/* Begin PBXNativeTarget section */
		372433A11A4D64F00013004F /* Lab1 */ = {
			isa = PBXNativeTarget;
			buildConfigurationList = 372433A91A4D64F00013004F /* Build configuration list for PBXNativeTarget "Lab1" */;
			buildPhases = (
				3724339E1A4D64F00013004F /* Sources */,
				3724339F1A4D64F00013004F /* Frameworks */,
				372433A01A4D64F00013004F /* CopyFiles */,
			);
			buildRules = (
			);
			dependencies = (
			);
			name = Lab1;
			productName = Lab1;
			productReference = 372433A21A4D64F00013004F /* Lab1 */;
			productType = "com.apple.product-type.tool";
		};
/* End PBXNativeTarget section */

/* Begin PBXProject section */
		3724339A1A4D64F00013004F /* Project object */ = {
			isa = PBXProject;
			attributes = {
				LastUpgradeCheck = 0610;
				ORGANIZATIONNAME = "Amanda Rosén";
				TargetAttributes = {
					372433A11A4D64F00013004F = {
						CreatedOnToolsVersion = 6.1.1;
					};
				};
			};
			buildConfigurationList = 3724339D1A4D64F00013004F /* Build configuration list for PBXProject "Lab1" */;
			compatibilityVersion = "Xcode 3.2";
			developmentRegion = English;
			hasScannedForEncodings = 0;
			knownRegions = (
				en,
			);
			mainGroup = 372433991A4D64F00013004F;
			productRefGroup = 372433A31A4D64F00013004F /* Products */;
			projectDirPath = "";
			projectRoot = "";
			targets = (
				372433A11A4D64F00013004F /* Lab1 */,
			);
		};
/* End PBXProject section */

/* Begin PBXSourcesBuildPhase section */
		3724339E1A4D64F00013004F /* Sources */ = {
			isa = PBXSourcesBuildPhase;
			buildActionMask = 2147483647;
			files = (
				372433B51A4D652F0013004F /* array.c in Sources */,
				372433BA1A4DA12F0013004F /* filterWords.c in Sources */,
				372433B41A4D652F0013004F /* stack.c in Sources */,
				372433B61A4D652F0013004F /* removelastCR.c in Sources */,
				372433A61A4D64F00013004F /* main.c in Sources */,
				372433B71A4D652F0013004F /* countwords.c in Sources */,
			);
			runOnlyForDeploymentPostprocessing = 0;
		};
/* End PBXSourcesBuildPhase section */

/* Begin XCBuildConfiguration section */
		372433A71A4D64F00013004F /* Debug */ = {
			isa = XCBuildConfiguration;
			buildSettings = {
				ALWAYS_SEARCH_USER_PATHS = NO;
				CLANG_CXX_LANGUAGE_STANDARD = "gnu++0x";
				CLANG_CXX_LIBRARY = "libc++";
				CLANG_ENABLE_MODULES = YES;
				CLANG_ENABLE_OBJC_ARC = YES;
				CLANG_WARN_BOOL_CONVERSION = YES;
				CLANG_WARN_CONSTANT_CONVERSION = YES;
				CLANG_WARN_DIRECT_OBJC_ISA_USAGE = YES_ERROR;
				CLANG_WARN_EMPTY_BODY = YES;
				CLANG_WARN_ENUM_CONVERSION = YES;
				CLANG_WARN_INT_CONVERSION = YES;
				CLANG_WARN_OBJC_ROOT_CLASS = YES_ERROR;
				CLANG_WARN_UNREACHABLE_CODE = YES;
				CLANG_WARN__DUPLICATE_METHOD_MATCH = YES;
				COPY_PHASE_STRIP = NO;
				ENABLE_STRICT_OBJC_MSGSEND = YES;
				GCC_C_LANGUAGE_STANDARD = gnu99;
				GCC_DYNAMIC_NO_PIC = NO;
				GCC_OPTIMIZATION_LEVEL = 0;
				GCC_PREPROCESSOR_DEFINITIONS = (
					"DEBUG=1",
					"$(inherited)",
				);
				GCC_SYMBOLS_PRIVATE_EXTERN = NO;
				GCC_WARN_64_TO_32_BIT_CONVERSION = YES;
				GCC_WARN_ABOUT_RETURN_TYPE = YES_ERROR;
				GCC_WARN_UNDECLARED_SELECTOR = YES;
				GCC_WARN_UNINITIALIZED_AUTOS = YES_AGGRESSIVE;
				GCC_WARN_UNUSED_FUNCTION = YES;
				GCC_WARN_UNUSED_VARIABLE = YES;
				MACOSX_DEPLOYMENT_TARGET = 10.10;
				MTL_ENABLE_DEBUG_INFO = YES;
				ONLY_ACTIVE_ARCH = YES;
				SDKROOT = macosx;
			};
			name = Debug;
		};
		372433A81A4D64F00013004F /* Release */ = {
			isa = XCBuildConfiguration;
			buildSettings = {
				ALWAYS_SEARCH_USER_PATHS = NO;
				CLANG_CXX_LANGUAGE_STANDARD = "gnu++0x";
				CLANG_CXX_LIBRARY = "libc++";
				CLANG_ENABLE_MODULES = YES;
				CLANG_ENABLE_OBJC_ARC = YES;
				CLANG_WARN_BOOL_CONVERSION = YES;
				CLANG_WARN_CONSTANT_CONVERSION = YES;
				CLANG_WARN_DIRECT_OBJC_ISA_USAGE = YES_ERROR;
				CLANG_WARN_EMPTY_BODY = YES;
				CLANG_WARN_ENUM_CONVERSION = YES;
				CLANG_WARN_INT_CONVERSION = YES;
				CLANG_WARN_OBJC_ROOT_CLASS = YES_ERROR;
				CLANG_WARN_UNREACHABLE_CODE = YES;
				CLANG_WARN__DUPLICATE_METHOD_MATCH = YES;
				COPY_PHASE_STRIP = YES;
				DEBUG_INFORMATION_FORMAT = "dwarf-with-dsym";
				ENABLE_NS_ASSERTIONS = NO;
				ENABLE_STRICT_OBJC_MSGSEND = YES;
				GCC_C_LANGUAGE_STANDARD = gnu99;
				GCC_WARN_64_TO_32_BIT_CONVERSION = YES;
				GCC_WARN_ABOUT_RETURN_TYPE = YES_ERROR;
				GCC_WARN_UNDECLARED_SELECTOR = YES;
				GCC_WARN_UNINITIALIZED_AUTOS = YES_AGGRESSIVE;
				GCC_WARN_UNUSED_FUNCTION = YES;
				GCC_WARN_UNUSED_VARIABLE = YES;
				MACOSX_DEPLOYMENT_TARGET = 10.10;
				MTL_ENABLE_DEBUG_INFO = NO;
				SDKROOT = macosx;
			};
			name = Release;
		};
		372433AA1A4D64F00013004F /* Debug */ = {
			isa = XCBuildConfiguration;
			buildSettings = {
				PRODUCT_NAME = "$(TARGET_NAME)";
			};
			name = Debug;
		};
		372433AB1A4D64F00013004F /* Release */ = {
			isa = XCBuildConfiguration;
			buildSettings = {
				PRODUCT_NAME = "$(TARGET_NAME)";
			};
			name = Release;
		};
/* End XCBuildConfiguration section */

/* Begin XCConfigurationList section */
		3724339D1A4D64F00013004F /* Build configuration list for PBXProject "Lab1" */ = {
			isa = XCConfigurationList;
			buildConfigurations = (
				372433A71A4D64F00013004F /* Debug */,
				372433A81A4D64F00013004F /* Release */,
			);
			defaultConfigurationIsVisible = 0;
			defaultConfigurationName = Release;
		};
		372433A91A4D64F00013004F /* Build configuration list for PBXNativeTarget "Lab1" */ = {
			isa = XCConfigurationList;
			buildConfigurations = (
				372433AA1A4D64F00013004F /* Debug */,
				372433AB1A4D64F00013004F /* Release */,
			);
			defaultConfigurationIsVisible = 0;
		};
/* End XCConfigurationList section */
	};
	rootObject = 3724339A1A4D64F00013004F /* Project object */;
}
